<?xml version="1.0" encoding="UTF-8" standalone="yes" ?>
<CodeBlocks_project_file>
	<FileVersion major="1" minor="6" />
	<Project>
		<Option title="WxBZipStream" />
		<Option pch_mode="2" />
		<Option compiler="gcc" />
		<Build>
			<Target title="LinDebug">
				<Option platforms="Unix;" />
				<Option output="../../build/LinDebug/libWxBZipStream" prefix_auto="1" extension_auto="1" />
				<Option working_dir="" />
				<Option object_output="../../build/LinDebug/" />
				<Option type="2" />
				<Option compiler="gcc" />
				<Option createDefFile="1" />
				<Compiler>
					<Add option="-Wall" />
					<Add option="-g" />
					<Add option="`wx-config --cflags`" />
				</Compiler>
				<Linker>
					<Add option="`wx-config --libs`" />
				</Linker>
			</Target>
			<Target title="LinRelease">
				<Option platforms="Unix;" />
				<Option output="../../build/LinRelease/libWxBZipStream" prefix_auto="1" extension_auto="1" />
				<Option working_dir="" />
				<Option object_output="../../build/LinRelease/" />
				<Option type="2" />
				<Option compiler="gcc" />
				<Option createDefFile="1" />
				<Compiler>
					<Add option="-Wall" />
					<Add option="-O2" />
					<Add option="`wx-config --cflags`" />
				</Compiler>
				<Linker>
					<Add option="-s" />
					<Add option="`wx-config --libs`" />
				</Linker>
			</Target>
			<Target title="WinDebug">
				<Option platforms="Windows;" />
				<Option output="../../build/WinDebug/libWxBZipStream" prefix_auto="1" extension_auto="1" />
				<Option working_dir="" />
				<Option object_output="../../build/WinDebug/" />
				<Option type="2" />
				<Option compiler="gcc" />
				<Option createDefFile="1" />
				<Compiler>
					<Add option="-Wall" />
					<Add option="-DwxUSE_UNICODE" />
					<Add directory="$(WXWIN)/include" />
					<Add directory="$(WXWIN)/lib/gcc_lib/mswu" />
				</Compiler>
				<Linker>
					<Add option="-s" />
				</Linker>
			</Target>
			<Target title="WinRelease">
				<Option platforms="Windows;" />
				<Option output="../../build/WinRelease/libWxBZipStream" prefix_auto="1" extension_auto="1" />
				<Option working_dir="" />
				<Option object_output="../../build/WinRelease/" />
				<Option type="2" />
				<Option compiler="gcc" />
				<Option createDefFile="1" />
				<Compiler>
					<Add option="-Wall" />
					<Add option="-O2" />
					<Add option="-DwxUSE_UNICODE" />
					<Add directory="$(WXWIN)/include" />
					<Add directory="$(WXWIN)/lib/gcc_lib/mswu" />
				</Compiler>
				<Linker>
					<Add option="-s" />
				</Linker>
			</Target>
		</Build>
		<Compiler>
			<Add directory="." />
			<Add directory="../SQLite3" />
		</Compiler>
		<Unit filename="../../3rdparty/wxbzipstream/bzip/blocksort.c">
			<Option compilerVar="CC" />
		</Unit>
		<Unit filename="../../3rdparty/wxbzipstream/bzip/bzlib.c">
			<Option compilerVar="CC" />
		</Unit>
		<Unit filename="../../3rdparty/wxbzipstream/bzip/bzlib.h" />
		<Unit filename="../../3rdparty/wxbzipstream/bzip/bzlib_private.h" />
		<Unit filename="../../3rdparty/wxbzipstream/bzip/compress.c">
			<Option compilerVar="CC" />
		</Unit>
		<Unit filename="../../3rdparty/wxbzipstream/bzip/crctable.c">
			<Option compilerVar="CC" />
		</Unit>
		<Unit filename="../../3rdparty/wxbzipstream/bzip/decompress.c">
			<Option compilerVar="CC" />
		</Unit>
		<Unit filename="../../3rdparty/wxbzipstream/bzip/huffman.c">
			<Option compilerVar="CC" />
		</Unit>
		<Unit filename="../../3rdparty/wxbzipstream/bzip/randtable.c">
			<Option compilerVar="CC" />
		</Unit>
		<Unit filename="../../3rdparty/wxbzipstream/bzipstream.cpp" />
		<Unit filename="../../3rdparty/wxbzipstream/bzipstream.h" />
		<Extensions>
			<code_completion />
			<debugger />
		</Extensions>
	</Project>
</CodeBlocks_project_file>
