<?xml version="1.0" encoding="UTF-8" standalone="yes" ?>
<CodeBlocks_project_file>
	<FileVersion major="1" minor="6" />
	<Project>
		<Option title="myrulib" />
		<Option pch_mode="2" />
		<Option compiler="gcc" />
		<Build>
			<Target title="LinDebug">
				<Option platforms="Unix;" />
				<Option output="../../build/LinDebug/myrulib" prefix_auto="1" extension_auto="1" />
				<Option working_dir="../../build/LinDebug/" />
				<Option object_output="../../build/LinDebug/" />
				<Option type="0" />
				<Option compiler="gcc" />
				<Option projectLinkerOptionsRelation="2" />
				<Compiler>
					<Add option="-Wall" />
					<Add option="-g" />
					<Add option="`wx-config --cflags`" />
				</Compiler>
				<Linker>
					<Add option="`wx-config --libs aui,adv,html,core,net`" />
					<Add directory="../../build/LinDebug" />
				</Linker>
			</Target>
			<Target title="LinRelease">
				<Option platforms="Unix;" />
				<Option output="../../build/LinRelease/myrulib" prefix_auto="1" extension_auto="1" />
				<Option working_dir="../../build/LinRelease/" />
				<Option object_output="../../build/LinRelease/" />
				<Option type="0" />
				<Option compiler="gcc" />
				<Option projectLinkerOptionsRelation="2" />
				<Compiler>
					<Add option="-O2" />
					<Add option="-Wall" />
					<Add option="`wx-config --cflags`" />
				</Compiler>
				<Linker>
					<Add option="-s" />
					<Add option="`wx-config --libs`" />
					<Add directory="../../build/LinRelease" />
				</Linker>
			</Target>
			<Target title="WinDebug">
				<Option platforms="Windows;" />
				<Option output="../../build/WinDebug/myrulib" prefix_auto="1" extension_auto="1" />
				<Option working_dir="../../build/WinDebug/" />
				<Option object_output="../../build/WinDebug/" />
				<Option type="0" />
				<Option compiler="gcc" />
				<Compiler>
					<Add option="-Wall" />
					<Add option="-g" />
					<Add option="-pipe" />
					<Add option='[[if (PLATFORM == PLATFORM_MSW &amp;&amp; (GetCompilerFactory().GetCompilerVersionString(_T(&quot;gcc&quot;)) &gt;= _T(&quot;4.0.0&quot;))) print(_T(&quot;-Wno-attributes&quot;));]]' />
					<Add option="-D__GNUWIN32__" />
					<Add option="-D__WXMSW__" />
					<Add option="-D__WXDEBUG__" />
					<Add option="-DwxUSE_UNICODE" />
					<Add directory="$(WXWIN)/lib/gcc_lib/mswud" />
					<Add directory="$(WXWIN)/include" />
					<Add directory="$(WXWIN)/contrib/include" />
				</Compiler>
				<ResourceCompiler>
					<Add directory="$(WXWIN)/lib/gcc_lib/mswud" />
					<Add directory="$(WXWIN)/include" />
					<Add directory="../build" />
				</ResourceCompiler>
				<Linker>
					<Add library="libwxmsw28ud_aui.a" />
					<Add library="libwxmsw28ud_adv.a" />
					<Add library="libwxmsw28ud_html.a" />
					<Add library="libwxmsw28ud_core.a" />
					<Add library="libwxbase28ud_net.a" />
					<Add library="libwxbase28ud.a" />
					<Add library="libwxtiff.a" />
					<Add library="libwxjpeg.a" />
					<Add library="libwxpng.a" />
					<Add library="libwxzlib.a" />
					<Add library="libwxregexu.a" />
					<Add library="libwinmm.a" />
					<Add library="libcomctl32.a" />
					<Add library="librpcrt4.a" />
					<Add library="libwsock32.a" />
					<Add library="liboleacc.a" />
					<Add library="libkernel32.a" />
					<Add library="libuser32.a" />
					<Add library="libgdi32.a" />
					<Add library="libwinspool.a" />
					<Add library="libcomdlg32.a" />
					<Add library="libadvapi32.a" />
					<Add library="libshell32.a" />
					<Add library="libole32.a" />
					<Add library="liboleaut32.a" />
					<Add library="libuuid.a" />
					<Add library="libshlwapi.a" />
					<Add directory="$(WXWIN)/lib/gcc_lib" />
					<Add directory="../../build/WinDebug/" />
				</Linker>
			</Target>
			<Target title="WinRelease">
				<Option platforms="Windows;" />
				<Option output="../../build/WinRelease/myrulib" prefix_auto="1" extension_auto="1" />
				<Option working_dir="../../build/WinRelease/" />
				<Option object_output="../../build/WinRelease/" />
				<Option type="0" />
				<Option compiler="gcc" />
				<Compiler>
					<Add option="-O2" />
					<Add option="-Wall" />
					<Add option="-pipe" />
					<Add option='[[if (PLATFORM == PLATFORM_MSW &amp;&amp; (GetCompilerFactory().GetCompilerVersionString(_T(&quot;gcc&quot;)) &gt;= _T(&quot;4.0.0&quot;))) print(_T(&quot;-Wno-attributes&quot;));]]' />
					<Add option="-D__GNUWIN32__" />
					<Add option="-D__WXMSW__" />
					<Add option="-DwxUSE_UNICODE" />
					<Add directory="$(WXWIN)/lib/gcc_lib/mswu" />
					<Add directory="$(WXWIN)/include" />
					<Add directory="$(WXWIN)/contrib/include" />
				</Compiler>
				<ResourceCompiler>
					<Add directory="$(WXWIN)/lib/gcc_lib/mswu" />
					<Add directory="$(WXWIN)/include" />
					<Add directory="../build" />
				</ResourceCompiler>
				<Linker>
					<Add option="-s" />
					<Add library="libwxmsw28u_adv.a" />
					<Add library="libwxmsw28u_aui.a" />
					<Add library="libwxmsw28u_html.a" />
					<Add library="libwxmsw28u_core.a" />
					<Add library="libwxbase28u_net.a" />
					<Add library="libwxbase28u.a" />
					<Add library="libwxtiff.a" />
					<Add library="libwxjpeg.a" />
					<Add library="libwxpng.a" />
					<Add library="libwxzlib.a" />
					<Add library="libwxregexu.a" />
					<Add library="libwinmm.a" />
					<Add library="libcomctl32.a" />
					<Add library="librpcrt4.a" />
					<Add library="libwsock32.a" />
					<Add library="liboleacc.a" />
					<Add library="libkernel32.a" />
					<Add library="libuser32.a" />
					<Add library="libgdi32.a" />
					<Add library="libwinspool.a" />
					<Add library="libcomdlg32.a" />
					<Add library="libadvapi32.a" />
					<Add library="libshell32.a" />
					<Add library="libole32.a" />
					<Add library="liboleaut32.a" />
					<Add library="libuuid.a" />
					<Add library="libshlwapi.a" />
					<Add directory="$(WXWIN)/lib/gcc_lib" />
					<Add directory="../../build/WinRelease/" />
				</Linker>
			</Target>
		</Build>
		<Compiler>
			<Add directory="../SQLite3" />
			<Add directory="../Expat" />
			<Add directory="../WxBZipStream" />
			<Add directory="../WxSQLite3" />
			<Add directory="../build" />
		</Compiler>
		<Linker>
			<Add option="`wx-config --libs`" />
			<Add library="libWxBZipStream.a" />
			<Add library="libWxSQLite3.a" />
			<Add library="libSQLite3.a" />
			<Add library="libExpat.a" />
		</Linker>
		<Unit filename="BaseThread.cpp" />
		<Unit filename="BaseThread.h" />
		<Unit filename="FbAboutDlg.cpp" />
		<Unit filename="FbAboutDlg.h" />
		<Unit filename="FbAlphabet.cpp" />
		<Unit filename="FbAlphabet.h" />
		<Unit filename="FbAuthList.cpp" />
		<Unit filename="FbAuthList.h" />
		<Unit filename="FbAuthorDlg.cpp" />
		<Unit filename="FbAuthorDlg.h" />
		<Unit filename="FbBookData.cpp" />
		<Unit filename="FbBookData.h" />
		<Unit filename="FbBookEvent.cpp" />
		<Unit filename="FbBookEvent.h" />
		<Unit filename="FbBookList.cpp" />
		<Unit filename="FbBookList.h" />
		<Unit filename="FbBookMenu.cpp" />
		<Unit filename="FbBookMenu.h" />
		<Unit filename="FbBookPanel.cpp" />
		<Unit filename="FbBookPanel.h" />
		<Unit filename="FbBookTree.cpp" />
		<Unit filename="FbBookTree.h" />
		<Unit filename="FbBookTypes.h" />
		<Unit filename="FbCacheBook.cpp" />
		<Unit filename="FbCacheBook.h" />
		<Unit filename="FbClientData.h" />
		<Unit filename="FbCollection.cpp" />
		<Unit filename="FbCollection.h" />
		<Unit filename="FbColumnDlg.cpp" />
		<Unit filename="FbColumnDlg.h" />
		<Unit filename="FbColumns.cpp" />
		<Unit filename="FbColumns.h" />
		<Unit filename="FbConfigDlg.cpp" />
		<Unit filename="FbConfigDlg.h" />
		<Unit filename="FbConst.cpp" />
		<Unit filename="FbConst.h" />
		<Unit filename="FbConvertDlg.cpp" />
		<Unit filename="FbConvertDlg.h" />
		<Unit filename="FbCounter.cpp" />
		<Unit filename="FbCounter.h" />
		<Unit filename="FbDataOpenDlg.cpp" />
		<Unit filename="FbDataOpenDlg.h" />
		<Unit filename="FbDataPath.cpp" />
		<Unit filename="FbDataPath.h" />
		<Unit filename="FbDatabase.cpp" />
		<Unit filename="FbDatabase.h" />
		<Unit filename="FbDateTime.cpp" />
		<Unit filename="FbDateTime.h" />
		<Unit filename="FbDateTree.cpp" />
		<Unit filename="FbDateTree.h" />
		<Unit filename="FbDeleteThread.cpp" />
		<Unit filename="FbDeleteThread.h" />
		<Unit filename="FbDownList.cpp" />
		<Unit filename="FbDownList.h" />
		<Unit filename="FbDownloader.cpp" />
		<Unit filename="FbDownloader.h" />
		<Unit filename="FbEditBook.cpp" />
		<Unit filename="FbEditBook.h" />
		<Unit filename="FbExportDlg.cpp" />
		<Unit filename="FbExportDlg.h" />
		<Unit filename="FbExportTree.cpp" />
		<Unit filename="FbExportTree.h" />
		<Unit filename="FbExtractInfo.cpp" />
		<Unit filename="FbExtractInfo.h" />
		<Unit filename="FbFilterDlg.cpp" />
		<Unit filename="FbFilterDlg.h" />
		<Unit filename="FbFilterObj.cpp" />
		<Unit filename="FbFilterObj.h" />
		<Unit filename="FbFilterTree.cpp" />
		<Unit filename="FbFilterTree.h" />
		<Unit filename="FbFldrTree.cpp" />
		<Unit filename="FbFldrTree.h" />
		<Unit filename="FbFrameAuth.cpp" />
		<Unit filename="FbFrameAuth.h" />
		<Unit filename="FbFrameBase.cpp" />
		<Unit filename="FbFrameBase.h" />
		<Unit filename="FbFrameDate.cpp" />
		<Unit filename="FbFrameDate.h" />
		<Unit filename="FbFrameDown.cpp" />
		<Unit filename="FbFrameDown.h" />
		<Unit filename="FbFrameFind.cpp" />
		<Unit filename="FbFrameFind.h" />
		<Unit filename="FbFrameFldr.cpp" />
		<Unit filename="FbFrameFldr.h" />
		<Unit filename="FbFrameGenr.cpp" />
		<Unit filename="FbFrameGenr.h" />
		<Unit filename="FbFrameHtml.cpp" />
		<Unit filename="FbFrameHtml.h" />
		<Unit filename="FbFrameInfo.cpp" />
		<Unit filename="FbFrameInfo.h" />
		<Unit filename="FbFrameSeqn.cpp" />
		<Unit filename="FbFrameSeqn.h" />
		<Unit filename="FbGenrTree.cpp" />
		<Unit filename="FbGenrTree.h" />
		<Unit filename="FbGenreThread.cpp" />
		<Unit filename="FbGenreThread.h" />
		<Unit filename="FbGenres.cpp" />
		<Unit filename="FbGenres.h" />
		<Unit filename="FbImportThread.cpp" />
		<Unit filename="FbImportThread.h" />
		<Unit filename="FbInternetBook.cpp" />
		<Unit filename="FbInternetBook.h" />
		<Unit filename="FbLocale.cpp" />
		<Unit filename="FbLocale.h" />
		<Unit filename="FbLogStream.cpp" />
		<Unit filename="FbLogStream.h" />
		<Unit filename="FbLogoBitmap.h" />
		<Unit filename="FbMainFrame.cpp" />
		<Unit filename="FbMainFrame.h" />
		<Unit filename="FbMainMenu.cpp" />
		<Unit filename="FbMainMenu.h" />
		<Unit filename="FbMasterInfo.cpp" />
		<Unit filename="FbMasterInfo.h" />
		<Unit filename="FbMasterThread.cpp" />
		<Unit filename="FbMasterThread.h" />
		<Unit filename="FbMasterTypes.cpp" />
		<Unit filename="FbMasterTypes.h" />
		<Unit filename="FbMenu.cpp" />
		<Unit filename="FbMenu.h" />
		<Unit filename="FbParams.cpp" />
		<Unit filename="FbParams.h" />
		<Unit filename="FbParamsDlg.cpp" />
		<Unit filename="FbParamsDlg.h" />
		<Unit filename="FbPreviewThread.cpp" />
		<Unit filename="FbPreviewThread.h" />
		<Unit filename="FbPreviewWindow.cpp" />
		<Unit filename="FbPreviewWindow.h" />
		<Unit filename="FbProgressDlg.cpp" />
		<Unit filename="FbProgressDlg.h" />
		<Unit filename="FbScanerThread.cpp" />
		<Unit filename="FbScanerThread.h" />
		<Unit filename="FbSeqnList.cpp" />
		<Unit filename="FbSeqnList.h" />
		<Unit filename="FbSequenDlg.cpp" />
		<Unit filename="FbSequenDlg.h" />
		<Unit filename="FbServiceDlg.cpp" />
		<Unit filename="FbServiceDlg.h" />
		<Unit filename="FbServiceThread.cpp" />
		<Unit filename="FbServiceThread.h" />
		<Unit filename="FbThread.cpp" />
		<Unit filename="FbThread.h" />
		<Unit filename="FbTitleDlg.cpp" />
		<Unit filename="FbTitleDlg.h" />
		<Unit filename="FbUpdateThread.cpp" />
		<Unit filename="FbUpdateThread.h" />
		<Unit filename="FbViewContext.cpp" />
		<Unit filename="FbViewContext.h" />
		<Unit filename="FbViewData.cpp" />
		<Unit filename="FbViewData.h" />
		<Unit filename="FbViewReader.cpp" />
		<Unit filename="FbViewReader.h" />
		<Unit filename="FbViewThread.cpp" />
		<Unit filename="FbViewThread.h" />
		<Unit filename="FbViewerDlg.cpp" />
		<Unit filename="FbViewerDlg.h" />
		<Unit filename="FbWindow.cpp" />
		<Unit filename="FbWindow.h" />
		<Unit filename="ImpContext.cpp" />
		<Unit filename="ImpContext.h" />
		<Unit filename="MyRuLibApp.cpp" />
		<Unit filename="MyRuLibApp.h" />
		<Unit filename="ParseCtx.cpp" />
		<Unit filename="ParseCtx.h" />
		<Unit filename="VacuumThread.cpp" />
		<Unit filename="VacuumThread.h" />
		<Unit filename="ZipReader.cpp" />
		<Unit filename="ZipReader.h" />
		<Unit filename="controls/FbChoiceFormat.cpp" />
		<Unit filename="controls/FbChoiceFormat.h" />
		<Unit filename="controls/FbComboBox.cpp" />
		<Unit filename="controls/FbComboBox.h" />
		<Unit filename="controls/FbCustomCombo.h" />
		<Unit filename="controls/FbHtmlWindow.cpp" />
		<Unit filename="controls/FbHtmlWindow.h" />
		<Unit filename="controls/FbNotebook.cpp" />
		<Unit filename="controls/FbNotebook.h" />
		<Unit filename="controls/FbSearchCombo.cpp" />
		<Unit filename="controls/FbSearchCombo.h" />
		<Unit filename="controls/FbToolBar.cpp" />
		<Unit filename="controls/FbToolBar.h" />
		<Unit filename="controls/FbTreeModel.cpp" />
		<Unit filename="controls/FbTreeModel.h" />
		<Unit filename="controls/FbTreeView.cpp" />
		<Unit filename="controls/FbTreeView.h" />
		<Unit filename="controls/FbURL.cpp" />
		<Unit filename="controls/FbURL.h" />
		<Unit filename="controls/FbViewItem.cpp" />
		<Unit filename="controls/FbViewItem.h" />
		<Unit filename="controls/LimitedTextCtrl.cpp" />
		<Unit filename="controls/LimitedTextCtrl.h" />
		<Unit filename="controls/ProgressBar.cpp" />
		<Unit filename="controls/ProgressBar.h" />
		<Unit filename="locale/be.po" />
		<Unit filename="locale/cs.po" />
		<Unit filename="locale/ru.po" />
		<Unit filename="locale/uk.po" />
		<Unit filename="md5.c">
			<Option compilerVar="CC" />
		</Unit>
		<Unit filename="res/checked.xpm" />
		<Unit filename="res/checkout.xpm" />
		<Unit filename="res/nocheck.xpm" />
		<Unit filename="res/resource.rc">
			<Option compilerVar="WINDRES" />
			<Option target="WinDebug" />
			<Option target="WinRelease" />
		</Unit>
		<Unit filename="sha1/sha1.h" />
		<Unit filename="wx/base64.cpp" />
		<Unit filename="wx/base64.h" />
		<Extensions>
			<code_completion />
			<debugger />
		</Extensions>
	</Project>
</CodeBlocks_project_file>
