
Microsoft Visual Studio Solution File, Format Version 10.00
# Visual C++ Express 2008
Project("{8BC9CEB8-8B4A-11D0-8D11-00A0C91BC942}") = "myrulib", "workspace\myrulib.vcproj", "{F088C1BE-436A-42D4-96F0-18EDC62DB8B3}"
	ProjectSection(ProjectDependencies) = postProject
		{31C68256-9ADF-4B7A-BDC9-34A4C55ACB1D} = {31C68256-9ADF-4B7A-BDC9-34A4C55ACB1D}
	EndProjectSection
EndProject
Project("{8BC9CEB8-8B4A-11D0-8D11-00A0C91BC942}") = "expat_static", "workspace\expat.vcproj", "{31C68256-9ADF-4B7A-BDC9-34A4C55ACB1D}"
EndProject
Global
	GlobalSection(SolutionConfigurationPlatforms) = preSolution
		Debug|Win32 = Debug|Win32
		Release|Win32 = Release|Win32
	EndGlobalSection
	GlobalSection(ProjectConfigurationPlatforms) = postSolution
		{F088C1BE-436A-42D4-96F0-18EDC62DB8B3}.Debug|Win32.ActiveCfg = Debug|Win32
		{F088C1BE-436A-42D4-96F0-18EDC62DB8B3}.Debug|Win32.Build.0 = Debug|Win32
		{F088C1BE-436A-42D4-96F0-18EDC62DB8B3}.Release|Win32.ActiveCfg = Release|Win32
		{F088C1BE-436A-42D4-96F0-18EDC62DB8B3}.Release|Win32.Build.0 = Release|Win32
		{31C68256-9ADF-4B7A-BDC9-34A4C55ACB1D}.Debug|Win32.ActiveCfg = Debug|Win32
		{31C68256-9ADF-4B7A-BDC9-34A4C55ACB1D}.Debug|Win32.Build.0 = Debug|Win32
		{31C68256-9ADF-4B7A-BDC9-34A4C55ACB1D}.Release|Win32.ActiveCfg = Release|Win32
		{31C68256-9ADF-4B7A-BDC9-34A4C55ACB1D}.Release|Win32.Build.0 = Release|Win32
		{4F7CCF32-6141-46DB-B3C1-C07AFB9C62CF}.Debug|Win32.ActiveCfg = Debug|Win32
		{4F7CCF32-6141-46DB-B3C1-C07AFB9C62CF}.Debug|Win32.Build.0 = Debug|Win32
		{4F7CCF32-6141-46DB-B3C1-C07AFB9C62CF}.Release|Win32.ActiveCfg = Release|Win32
		{4F7CCF32-6141-46DB-B3C1-C07AFB9C62CF}.Release|Win32.Build.0 = Release|Win32
	EndGlobalSection
	GlobalSection(SolutionProperties) = preSolution
		HideSolutionNode = FALSE
	EndGlobalSection
EndGlobal
