<?xml version="1.0" encoding="UTF-8" standalone="yes" ?>
<CodeBlocks_project_file>
	<FileVersion major="1" minor="6" />
	<Project>
		<Option title="DatabaseLayer" />
		<Option pch_mode="2" />
		<Option compiler="gcc" />
		<Build>
			<Target title="LinDebug">
				<Option output="..\build\Debug\libDatabaseLayer" prefix_auto="1" extension_auto="1" />
				<Option working_dir="" />
				<Option object_output="..\build\Debug\" />
				<Option type="2" />
				<Option compiler="gcc" />
				<Option createDefFile="1" />
				<Compiler>
					<Add option="-Wall" />
					<Add option="-g" />
					<Add option="`wx-config --cflags`" />
				</Compiler>
				<Linker>
					<Add option="`wx-config --libs`" />
				</Linker>
			</Target>
			<Target title="LinRelease">
				<Option output="..\build\Release\libDatabaseLayer" prefix_auto="1" extension_auto="1" />
				<Option working_dir="" />
				<Option object_output="..\build\Release\" />
				<Option type="2" />
				<Option compiler="gcc" />
				<Option createDefFile="1" />
				<Compiler>
					<Add option="-Wall" />
					<Add option="-O2" />
					<Add option="`wx-config --cflags`" />
				</Compiler>
				<Linker>
					<Add option="-s" />
					<Add option="`wx-config --libs`" />
				</Linker>
			</Target>
			<Target title="WinDebug">
				<Option output="..\build\Debug\libDatabaseLayer" prefix_auto="1" extension_auto="1" />
				<Option working_dir="" />
				<Option object_output="..\build\Debug\" />
				<Option type="2" />
				<Option compiler="gcc" />
				<Option createDefFile="1" />
				<Compiler>
					<Add option="-Wall" />
					<Add option="-g" />
					<Add directory="$(WXWIN)\include" />
					<Add directory="$(WXWIN)\lib\gcc_lib\mswud" />
          <Add option="-DwxUSE_UNICODE" />
        </Compiler>
			</Target>
			<Target title="WinRelease">
				<Option output="..\build\Release\libDatabaseLayer" prefix_auto="1" extension_auto="1" />
				<Option working_dir="" />
				<Option object_output="..\build\Release\" />
				<Option type="2" />
				<Option compiler="gcc" />
				<Option createDefFile="1" />
				<Compiler>
					<Add option="-O2" />
					<Add option="-Wall" />
					<Add directory="$(WXWIN)\include" />
					<Add directory="$(WXWIN)\lib\gcc_lib\mswu" />
          <Add option="-DwxUSE_UNICODE" />
        </Compiler>
				<Linker>
					<Add option="-s" />
				</Linker>
			</Target>
		</Build>
		<Compiler>
			<Add directory="..\SQLite" />
		</Compiler>
		<Unit filename="DatabaseErrorCodes.h" />
		<Unit filename="DatabaseErrorReporter.cpp" />
		<Unit filename="DatabaseErrorReporter.h" />
		<Unit filename="DatabaseLayer.cpp" />
		<Unit filename="DatabaseLayer.h" />
		<Unit filename="DatabaseLayerException.h" />
		<Unit filename="DatabaseQueryParser.cpp" />
		<Unit filename="DatabaseQueryParser.h" />
		<Unit filename="DatabaseResultSet.cpp" />
		<Unit filename="DatabaseResultSet.h" />
		<Unit filename="DatabaseStringConverter.cpp" />
		<Unit filename="DatabaseStringConverter.h" />
		<Unit filename="PreparedStatement.cpp" />
		<Unit filename="PreparedStatement.h" />
		<Unit filename="ResultSetMetaData.h" />
		<Unit filename="SqliteDatabaseLayer.cpp" />
		<Unit filename="SqliteDatabaseLayer.h" />
		<Unit filename="SqlitePreparedStatement.cpp" />
		<Unit filename="SqlitePreparedStatement.h" />
		<Unit filename="SqliteResultSet.cpp" />
		<Unit filename="SqliteResultSet.h" />
		<Unit filename="SqliteResultSetMetaData.cpp" />
		<Unit filename="SqliteResultSetMetaData.h" />
		<Extensions>
			<code_completion />
			<debugger />
		</Extensions>
	</Project>
</CodeBlocks_project_file>
