<?xml version="1.0" encoding="UTF-8" standalone="yes" ?>
<CodeBlocks_project_file>
	<FileVersion major="1" minor="6" />
	<Project>
		<Option title="CrEngine" />
		<Option pch_mode="2" />
		<Option compiler="gcc" />
		<Build>
			<Target title="LinDebug">
				<Option output="../../build/LinDebug/libCrEngine" prefix_auto="1" extension_auto="1" />
				<Option working_dir="" />
				<Option object_output="../../build/LinDebug/" />
				<Option type="2" />
				<Option compiler="gcc" />
				<Option createDefFile="1" />
				<Compiler>
					<Add option="-Wall" />
					<Add option="-g" />
					<Add option="`wx-config --cflags`" />
					<Add directory="/usr/include/freetype2" />
				</Compiler>
				<Linker>
					<Add option="`wx-config --libs`" />
				</Linker>
			</Target>
			<Target title="LinRelease">
				<Option output="../../build/LinRelease/libCrEngine" prefix_auto="1" extension_auto="1" />
				<Option working_dir="" />
				<Option object_output="../../build/LinRelease/" />
				<Option type="2" />
				<Option compiler="gcc" />
				<Option createDefFile="1" />
				<Compiler>
					<Add option="-Wall" />
					<Add option="-O2" />
					<Add option="`wx-config --cflags`" />
					<Add directory="/usr/include/freetype2" />
				</Compiler>
				<Linker>
					<Add option="`wx-config --libs`" />
					<Add option="-s" />
				</Linker>
			</Target>
			<Target title="WinDebug">
				<Option output="../../build/WinDebug/libCrEngine" prefix_auto="1" extension_auto="1" />
				<Option working_dir="" />
				<Option object_output="../../build/WinDebug/" />
				<Option type="2" />
				<Option compiler="gcc" />
				<Option createDefFile="1" />
				<Compiler>
					<Add option="-Wall" />
					<Add option="-g" />
					<Add option="-DCOMPILED_FROM_DSP" />
				</Compiler>
			</Target>
			<Target title="WinRelease">
				<Option output="../../build/WinRelease/libCrEngine" prefix_auto="1" extension_auto="1" />
				<Option working_dir="" />
				<Option object_output="../../build/WinRelease/" />
				<Option type="2" />
				<Option compiler="gcc" />
				<Option createDefFile="1" />
				<Compiler>
					<Add option="-O2" />
					<Add option="-Wall" />
					<Add option="-DCOMPILED_FROM_DSP" />
				</Compiler>
				<Linker>
					<Add option="-s" />
				</Linker>
			</Target>
		</Build>
		<Compiler>
			<Add directory="../../3rdparty/crengine/include" />
		</Compiler>
		<Unit filename="../../3rdparty/crengine/include/chmfmt.h" />
		<Unit filename="../../3rdparty/crengine/include/cp_stats.h" />
		<Unit filename="../../3rdparty/crengine/include/cr3version.h" />
		<Unit filename="../../3rdparty/crengine/include/crengine.h" />
		<Unit filename="../../3rdparty/crengine/include/crgui.h" />
		<Unit filename="../../3rdparty/crengine/include/cri18n.h" />
		<Unit filename="../../3rdparty/crengine/include/crsetup.h" />
		<Unit filename="../../3rdparty/crengine/include/crskin.h" />
		<Unit filename="../../3rdparty/crengine/include/crtest.h" />
		<Unit filename="../../3rdparty/crengine/include/crtrace.h" />
		<Unit filename="../../3rdparty/crengine/include/crtxtenc.h" />
		<Unit filename="../../3rdparty/crengine/include/cssdef.h" />
		<Unit filename="../../3rdparty/crengine/include/dtddef.h" />
		<Unit filename="../../3rdparty/crengine/include/epubfmt.h" />
		<Unit filename="../../3rdparty/crengine/include/fb2def.h" />
		<Unit filename="../../3rdparty/crengine/include/hist.h" />
		<Unit filename="../../3rdparty/crengine/include/hyphman.h" />
		<Unit filename="../../3rdparty/crengine/include/lstridmap.h" />
		<Unit filename="../../3rdparty/crengine/include/lvarray.h" />
		<Unit filename="../../3rdparty/crengine/include/lvbmpbuf.h" />
		<Unit filename="../../3rdparty/crengine/include/lvdocview.h" />
		<Unit filename="../../3rdparty/crengine/include/lvdrawbuf.h" />
		<Unit filename="../../3rdparty/crengine/include/lvfnt.h" />
		<Unit filename="../../3rdparty/crengine/include/lvfntman.h" />
		<Unit filename="../../3rdparty/crengine/include/lvhashtable.h" />
		<Unit filename="../../3rdparty/crengine/include/lvimg.h" />
		<Unit filename="../../3rdparty/crengine/include/lvmemman.h" />
		<Unit filename="../../3rdparty/crengine/include/lvpagesplitter.h" />
		<Unit filename="../../3rdparty/crengine/include/lvptrvec.h" />
		<Unit filename="../../3rdparty/crengine/include/lvref.h" />
		<Unit filename="../../3rdparty/crengine/include/lvrefcache.h" />
		<Unit filename="../../3rdparty/crengine/include/lvrend.h" />
		<Unit filename="../../3rdparty/crengine/include/lvstream.h" />
		<Unit filename="../../3rdparty/crengine/include/lvstring.h" />
		<Unit filename="../../3rdparty/crengine/include/lvstsheet.h" />
		<Unit filename="../../3rdparty/crengine/include/lvstyles.h" />
		<Unit filename="../../3rdparty/crengine/include/lvtextfm.h" />
		<Unit filename="../../3rdparty/crengine/include/lvthread.h" />
		<Unit filename="../../3rdparty/crengine/include/lvtinydom.h" />
		<Unit filename="../../3rdparty/crengine/include/lvtypes.h" />
		<Unit filename="../../3rdparty/crengine/include/lvxml.h" />
		<Unit filename="../../3rdparty/crengine/include/props.h" />
		<Unit filename="../../3rdparty/crengine/include/rtfcmd.h" />
		<Unit filename="../../3rdparty/crengine/include/rtfimp.h" />
		<Unit filename="../../3rdparty/crengine/include/s32utils.h" />
		<Unit filename="../../3rdparty/crengine/include/txtselector.h" />
		<Unit filename="../../3rdparty/crengine/include/w32utils.h" />
		<Unit filename="../../3rdparty/crengine/include/wolutil.h" />
		<Unit filename="../../3rdparty/crengine/include/wordfmt.h" />
		<Unit filename="../../3rdparty/crengine/include/xutils.h" />
		<Unit filename="../../3rdparty/crengine/src/chmfmt.cpp" />
		<Unit filename="../../3rdparty/crengine/src/cp_stats.cpp" />
		<Unit filename="../../3rdparty/crengine/src/crgui.cpp" />
		<Unit filename="../../3rdparty/crengine/src/cri18n.cpp" />
		<Unit filename="../../3rdparty/crengine/src/crskin.cpp" />
		<Unit filename="../../3rdparty/crengine/src/crtest.cpp" />
		<Unit filename="../../3rdparty/crengine/src/crtxtenc.cpp" />
		<Unit filename="../../3rdparty/crengine/src/epubfmt.cpp" />
		<Unit filename="../../3rdparty/crengine/src/hist.cpp" />
		<Unit filename="../../3rdparty/crengine/src/hyphman.cpp" />
		<Unit filename="../../3rdparty/crengine/src/lstridmap.cpp" />
		<Unit filename="../../3rdparty/crengine/src/lvbmpbuf.cpp" />
		<Unit filename="../../3rdparty/crengine/src/lvdocview.cpp" />
		<Unit filename="../../3rdparty/crengine/src/lvdrawbuf.cpp" />
		<Unit filename="../../3rdparty/crengine/src/lvfnt.cpp" />
		<Unit filename="../../3rdparty/crengine/src/lvfntman.cpp" />
		<Unit filename="../../3rdparty/crengine/src/lvimg.cpp" />
		<Unit filename="../../3rdparty/crengine/src/lvmemman.cpp" />
		<Unit filename="../../3rdparty/crengine/src/lvpagesplitter.cpp" />
		<Unit filename="../../3rdparty/crengine/src/lvrend.cpp" />
		<Unit filename="../../3rdparty/crengine/src/lvstream.cpp" />
		<Unit filename="../../3rdparty/crengine/src/lvstring.cpp" />
		<Unit filename="../../3rdparty/crengine/src/lvstsheet.cpp" />
		<Unit filename="../../3rdparty/crengine/src/lvstyles.cpp" />
		<Unit filename="../../3rdparty/crengine/src/lvtextfm.cpp" />
		<Unit filename="../../3rdparty/crengine/src/lvtinydom.cpp" />
		<Unit filename="../../3rdparty/crengine/src/lvxml.cpp" />
		<Unit filename="../../3rdparty/crengine/src/pdbfmt.cpp" />
		<Unit filename="../../3rdparty/crengine/src/props.cpp" />
		<Unit filename="../../3rdparty/crengine/src/rtfimp.cpp" />
		<Unit filename="../../3rdparty/crengine/src/s32utils.cpp" />
		<Unit filename="../../3rdparty/crengine/src/txtselector.cpp" />
		<Unit filename="../../3rdparty/crengine/src/w32utils.cpp" />
		<Unit filename="../../3rdparty/crengine/src/wolutil.cpp" />
		<Unit filename="../../3rdparty/crengine/src/wordfmt.cpp" />
		<Unit filename="../../3rdparty/crengine/src/xutils.cpp" />
		<Extensions>
			<code_completion />
			<debugger />
		</Extensions>
	</Project>
</CodeBlocks_project_file>
