<?xml version="1.0" encoding="UTF-8" standalone="yes" ?>
<CodeBlocks_project_file>
	<FileVersion major="1" minor="6" />
	<Project>
		<Option title="SQLite3" />
		<Option pch_mode="2" />
		<Option compiler="gcc" />
		<Build>
			<Target title="LinDebug">
				<Option platforms="Unix;" />
				<Option output="..\build\LinDebug\libSQLite3" prefix_auto="1" extension_auto="1" />
				<Option working_dir="" />
				<Option object_output="..\build\LinDebug\" />
				<Option type="2" />
				<Option compiler="gcc" />
				<Option createDefFile="1" />
				<Compiler>
					<Add option="-Wall" />
					<Add option="-g" />
				</Compiler>
			</Target>
			<Target title="LinRelease">
				<Option platforms="Unix;" />
				<Option output="..\build\LinRelease\libSQLite3" prefix_auto="1" extension_auto="1" />
				<Option working_dir="" />
				<Option object_output="..\build\LinRelease\" />
				<Option type="2" />
				<Option compiler="gcc" />
				<Option createDefFile="1" />
				<Compiler>
					<Add option="-Wall" />
					<Add option="-O2" />
				</Compiler>
				<Linker>
					<Add option="-s" />
				</Linker>
			</Target>
			<Target title="WinDebug">
				<Option platforms="Windows;" />
				<Option output="..\build\WinDebug\libSQLite3" prefix_auto="1" extension_auto="1" />
				<Option working_dir="" />
				<Option object_output="..\build\WinDebug\" />
				<Option type="2" />
				<Option compiler="gcc" />
				<Option createDefFile="1" />
				<Compiler>
					<Add option="-Wall" />
					<Add option="-DwxUSE_UNICODE" />
				</Compiler>
				<Linker>
					<Add option="-s" />
				</Linker>
			</Target>
			<Target title="WinRelease">
				<Option platforms="Windows;" />
				<Option output="..\build\WinRelease\libSQLite3" prefix_auto="1" extension_auto="1" />
				<Option working_dir="" />
				<Option object_output="..\build\WinRelease\" />
				<Option type="2" />
				<Option compiler="gcc" />
				<Option createDefFile="1" />
				<Compiler>
					<Add option="-Wall" />
					<Add option="-O2" />
					<Add option="-DwxUSE_UNICODE" />
				</Compiler>
				<Linker>
					<Add option="-s" />
				</Linker>
			</Target>
		</Build>
		<Compiler>
			<Add option="-DSQLITE_ENABLE_FTS3" />
			<Add option="-DU_DISABLE_RENAMING" />
			<Add directory="..\ICU" />
		</Compiler>
		<Unit filename="sqlite3.c">
			<Option compilerVar="CC" />
		</Unit>
		<Unit filename="sqlite3.h" />
		<Extensions>
			<code_completion />
			<debugger />
		</Extensions>
	</Project>
</CodeBlocks_project_file>
